
Microsoft Visual Studio Solution File, Format Version 12.00
# Visual Studio Version 17
VisualStudioVersion = 17.0.31903.59
MinimumVisualStudioVersion = 10.0.40219.1
Project("{2150E333-8FDC-42A3-9474-1A3956D46DE8}") = "MauiApp", "MauiApp", "{BC2CE3E8-DE32-A3D1-C3D4-1D3B25D265AB}"
EndProject
Project("{FAE04EC0-301F-11D3-BF4B-00C04F79EFBC}") = "WorkMood.MauiApp", "MauiApp\WorkMood.MauiApp.csproj", "{7E1B363F-C0AD-411D-AE89-E6385837A7A7}"
EndProject
Project("{FAE04EC0-301F-11D3-BF4B-00C04F79EFBC}") = "WorkMood.MauiApp.Tests", "WorkMood.MauiApp.Tests\WorkMood.MauiApp.Tests.csproj", "{8F2C464F-D0BE-422E-BF90-F7396948B8B8}"
EndProject
Project("{FAE04EC0-301F-11D3-BF4B-00C04F79EFBC}") = "whats-your-version", "whats-your-version\whats-your-version.csproj", "{79124C89-477E-4219-A369-7D974673CC9E}"
EndProject
Project("{FAE04EC0-301F-11D3-BF4B-00C04F79EFBC}") = "whats-your-version-tests", "whats-your-version-tests\whats-your-version-tests.csproj", "{04587C79-197C-4351-831B-205CC31E1758}"
EndProject
Global
	GlobalSection(SolutionConfigurationPlatforms) = preSolution
		Debug|Any CPU = Debug|Any CPU
		Debug|x64 = Debug|x64
		Debug|x86 = Debug|x86
		Release|Any CPU = Release|Any CPU
		Release|x64 = Release|x64
		Release|x86 = Release|x86
	EndGlobalSection
	GlobalSection(ProjectConfigurationPlatforms) = postSolution
		{7E1B363F-C0AD-411D-AE89-E6385837A7A7}.Debug|Any CPU.ActiveCfg = Debug|Any CPU
		{7E1B363F-C0AD-411D-AE89-E6385837A7A7}.Debug|Any CPU.Build.0 = Debug|Any CPU
		{7E1B363F-C0AD-411D-AE89-E6385837A7A7}.Debug|x64.ActiveCfg = Debug|Any CPU
		{7E1B363F-C0AD-411D-AE89-E6385837A7A7}.Debug|x64.Build.0 = Debug|Any CPU
		{7E1B363F-C0AD-411D-AE89-E6385837A7A7}.Debug|x86.ActiveCfg = Debug|Any CPU
		{7E1B363F-C0AD-411D-AE89-E6385837A7A7}.Debug|x86.Build.0 = Debug|Any CPU
		{7E1B363F-C0AD-411D-AE89-E6385837A7A7}.Release|Any CPU.ActiveCfg = Release|Any CPU
		{7E1B363F-C0AD-411D-AE89-E6385837A7A7}.Release|Any CPU.Build.0 = Release|Any CPU
		{7E1B363F-C0AD-411D-AE89-E6385837A7A7}.Release|x64.ActiveCfg = Release|Any CPU
		{7E1B363F-C0AD-411D-AE89-E6385837A7A7}.Release|x64.Build.0 = Release|Any CPU
		{7E1B363F-C0AD-411D-AE89-E6385837A7A7}.Release|x86.ActiveCfg = Release|Any CPU
		{7E1B363F-C0AD-411D-AE89-E6385837A7A7}.Release|x86.Build.0 = Release|Any CPU
		{8F2C464F-D0BE-422E-BF90-F7396948B8B8}.Debug|Any CPU.ActiveCfg = Debug|Any CPU
		{8F2C464F-D0BE-422E-BF90-F7396948B8B8}.Debug|Any CPU.Build.0 = Debug|Any CPU
		{8F2C464F-D0BE-422E-BF90-F7396948B8B8}.Debug|x64.ActiveCfg = Debug|Any CPU
		{8F2C464F-D0BE-422E-BF90-F7396948B8B8}.Debug|x64.Build.0 = Debug|Any CPU
		{8F2C464F-D0BE-422E-BF90-F7396948B8B8}.Debug|x86.ActiveCfg = Debug|Any CPU
		{8F2C464F-D0BE-422E-BF90-F7396948B8B8}.Debug|x86.Build.0 = Debug|Any CPU
		{8F2C464F-D0BE-422E-BF90-F7396948B8B8}.Release|Any CPU.ActiveCfg = Release|Any CPU
		{8F2C464F-D0BE-422E-BF90-F7396948B8B8}.Release|Any CPU.Build.0 = Release|Any CPU
		{8F2C464F-D0BE-422E-BF90-F7396948B8B8}.Release|x64.ActiveCfg = Release|Any CPU
		{8F2C464F-D0BE-422E-BF90-F7396948B8B8}.Release|x64.Build.0 = Release|Any CPU
		{8F2C464F-D0BE-422E-BF90-F7396948B8B8}.Release|x86.ActiveCfg = Release|Any CPU
		{8F2C464F-D0BE-422E-BF90-F7396948B8B8}.Release|x86.Build.0 = Release|Any CPU
		{79124C89-477E-4219-A369-7D974673CC9E}.Debug|Any CPU.ActiveCfg = Debug|Any CPU
		{79124C89-477E-4219-A369-7D974673CC9E}.Debug|Any CPU.Build.0 = Debug|Any CPU
		{79124C89-477E-4219-A369-7D974673CC9E}.Debug|x64.ActiveCfg = Debug|Any CPU
		{79124C89-477E-4219-A369-7D974673CC9E}.Debug|x64.Build.0 = Debug|Any CPU
		{79124C89-477E-4219-A369-7D974673CC9E}.Debug|x86.ActiveCfg = Debug|Any CPU
		{79124C89-477E-4219-A369-7D974673CC9E}.Debug|x86.Build.0 = Debug|Any CPU
		{79124C89-477E-4219-A369-7D974673CC9E}.Release|Any CPU.ActiveCfg = Release|Any CPU
		{79124C89-477E-4219-A369-7D974673CC9E}.Release|Any CPU.Build.0 = Release|Any CPU
		{79124C89-477E-4219-A369-7D974673CC9E}.Release|x64.ActiveCfg = Release|Any CPU
		{79124C89-477E-4219-A369-7D974673CC9E}.Release|x64.Build.0 = Release|Any CPU
		{79124C89-477E-4219-A369-7D974673CC9E}.Release|x86.ActiveCfg = Release|Any CPU
		{79124C89-477E-4219-A369-7D974673CC9E}.Release|x86.Build.0 = Release|Any CPU
		{04587C79-197C-4351-831B-205CC31E1758}.Debug|Any CPU.ActiveCfg = Debug|Any CPU
		{04587C79-197C-4351-831B-205CC31E1758}.Debug|Any CPU.Build.0 = Debug|Any CPU
		{04587C79-197C-4351-831B-205CC31E1758}.Debug|x64.ActiveCfg = Debug|Any CPU
		{04587C79-197C-4351-831B-205CC31E1758}.Debug|x64.Build.0 = Debug|Any CPU
		{04587C79-197C-4351-831B-205CC31E1758}.Debug|x86.ActiveCfg = Debug|Any CPU
		{04587C79-197C-4351-831B-205CC31E1758}.Debug|x86.Build.0 = Debug|Any CPU
		{04587C79-197C-4351-831B-205CC31E1758}.Release|Any CPU.ActiveCfg = Release|Any CPU
		{04587C79-197C-4351-831B-205CC31E1758}.Release|Any CPU.Build.0 = Release|Any CPU
		{04587C79-197C-4351-831B-205CC31E1758}.Release|x64.ActiveCfg = Release|Any CPU
		{04587C79-197C-4351-831B-205CC31E1758}.Release|x64.Build.0 = Release|Any CPU
		{04587C79-197C-4351-831B-205CC31E1758}.Release|x86.ActiveCfg = Release|Any CPU
		{04587C79-197C-4351-831B-205CC31E1758}.Release|x86.Build.0 = Release|Any CPU
	EndGlobalSection
	GlobalSection(SolutionProperties) = preSolution
		HideSolutionNode = FALSE
	EndGlobalSection
	GlobalSection(NestedProjects) = preSolution
		{7E1B363F-C0AD-411D-AE89-E6385837A7A7} = {BC2CE3E8-DE32-A3D1-C3D4-1D3B25D265AB}
		{8F2C464F-D0BE-422E-BF90-F7396948B8B8} = {BC2CE3E8-DE32-A3D1-C3D4-1D3B25D265AB}
	EndGlobalSection
EndGlobal
